
Microsoft Visual Studio Solution File, Format Version 12.00
# Visual Studio Version 17
VisualStudioVersion = 17.4.33205.214
MinimumVisualStudioVersion = 10.0.40219.1
Project("{FAE04EC0-301F-11D3-BF4B-00C04F79EFBC}") = "Interview.CourseManager", "Interview.CourseManager\Interview.CourseManager.csproj", "{856DEDB0-6EB1-4224-BC55-55BDE352D6FF}"
EndProject
Global
	GlobalSection(SolutionConfigurationPlatforms) = preSolution
		Debug|Any CPU = Debug|Any CPU
		Release|Any CPU = Release|Any CPU
	EndGlobalSection
	GlobalSection(ProjectConfigurationPlatforms) = postSolution
		{856DEDB0-6EB1-4224-BC55-55BDE352D6FF}.Debug|Any CPU.ActiveCfg = Debug|Any CPU
		{856DEDB0-6EB1-4224-BC55-55BDE352D6FF}.Debug|Any CPU.Build.0 = Debug|Any CPU
		{856DEDB0-6EB1-4224-BC55-55BDE352D6FF}.Release|Any CPU.ActiveCfg = Release|Any CPU
		{856DEDB0-6EB1-4224-BC55-55BDE352D6FF}.Release|Any CPU.Build.0 = Release|Any CPU
	EndGlobalSection
	GlobalSection(SolutionProperties) = preSolution
		HideSolutionNode = FALSE
	EndGlobalSection
	GlobalSection(ExtensibilityGlobals) = postSolution
		SolutionGuid = {9565E947-30BF-4A61-82E3-56C21379BEB8}
	EndGlobalSection
EndGlobal
